// !$*UTF8*$!
{
	archiveVersion = 1;
	classes = {
	};
	objectVersion = 46;
	objects = {

/* Begin PBXBuildFile section */
		9A0B28411BEFE4ED00C8B8F4 /* AppDelegate.swift in Sources */ = {isa = PBXBuildFile; fileRef = 9A0B28401BEFE4ED00C8B8F4 /* AppDelegate.swift */; };
		9A0B28431BEFE4ED00C8B8F4 /* ViewController.swift in Sources */ = {isa = PBXBuildFile; fileRef = 9A0B28421BEFE4ED00C8B8F4 /* ViewController.swift */; };
		9A0B28461BEFE4ED00C8B8F4 /* Main.storyboard in Resources */ = {isa = PBXBuildFile; fileRef = 9A0B28441BEFE4ED00C8B8F4 /* Main.storyboard */; };
		9A0B28481BEFE4ED00C8B8F4 /* Assets.xcassets in Resources */ = {isa = PBXBuildFile; fileRef = 9A0B28471BEFE4ED00C8B8F4 /* Assets.xcassets */; };
		9A0B284B1BEFE4ED00C8B8F4 /* LaunchScreen.storyboard in Resources */ = {isa = PBXBuildFile; fileRef = 9A0B28491BEFE4ED00C8B8F4 /* LaunchScreen.storyboard */; };
		9A0B28531BEFE5B100C8B8F4 /* City.swift in Sources */ = {isa = PBXBuildFile; fileRef = 9A0B28521BEFE5B100C8B8F4 /* City.swift */; };
		9A0B28571BEFE61000C8B8F4 /* LACity.m in Sources */ = {isa = PBXBuildFile; fileRef = 9A0B28561BEFE61000C8B8F4 /* LACity.m */; };
		9AF025A61BF108C50009B3B7 /* AppDelegate.m in Sources */ = {isa = PBXBuildFile; fileRef = 9AF025A51BF108C50009B3B7 /* AppDelegate.m */; };
/* End PBXBuildFile section */

/* Begin PBXFileReference section */
		9A0B283D1BEFE4ED00C8B8F4 /* objC vs Swift.app */ = {isa = PBXFileReference; explicitFileType = wrapper.application; includeInIndex = 0; path = "objC vs Swift.app"; sourceTree = BUILT_PRODUCTS_DIR; };
		9A0B28401BEFE4ED00C8B8F4 /* AppDelegate.swift */ = {isa = PBXFileReference; lastKnownFileType = sourcecode.swift; path = AppDelegate.swift; sourceTree = "<group>"; };
		9A0B28421BEFE4ED00C8B8F4 /* ViewController.swift */ = {isa = PBXFileReference; lastKnownFileType = sourcecode.swift; path = ViewController.swift; sourceTree = "<group>"; };
		9A0B28451BEFE4ED00C8B8F4 /* Base */ = {isa = PBXFileReference; lastKnownFileType = file.storyboard; name = Base; path = Base.lproj/Main.storyboard; sourceTree = "<group>"; };
		9A0B28471BEFE4ED00C8B8F4 /* Assets.xcassets */ = {isa = PBXFileReference; lastKnownFileType = folder.assetcatalog; path = Assets.xcassets; sourceTree = "<group>"; };
		9A0B284A1BEFE4ED00C8B8F4 /* Base */ = {isa = PBXFileReference; lastKnownFileType = file.storyboard; name = Base; path = Base.lproj/LaunchScreen.storyboard; sourceTree = "<group>"; };
		9A0B284C1BEFE4ED00C8B8F4 /* Info.plist */ = {isa = PBXFileReference; lastKnownFileType = text.plist.xml; path = Info.plist; sourceTree = "<group>"; };
		9A0B28521BEFE5B100C8B8F4 /* City.swift */ = {isa = PBXFileReference; fileEncoding = 4; lastKnownFileType = sourcecode.swift; path = City.swift; sourceTree = "<group>"; };
		9A0B28541BEFE60F00C8B8F4 /* objC vs Swift-Bridging-Header.h */ = {isa = PBXFileReference; lastKnownFileType = sourcecode.c.h; path = "objC vs Swift-Bridging-Header.h"; sourceTree = "<group>"; };
		9A0B28551BEFE61000C8B8F4 /* LACity.h */ = {isa = PBXFileReference; fileEncoding = 4; lastKnownFileType = sourcecode.c.h; path = LACity.h; sourceTree = "<group>"; };
		9A0B28561BEFE61000C8B8F4 /* LACity.m */ = {isa = PBXFileReference; fileEncoding = 4; lastKnownFileType = sourcecode.c.objc; path = LACity.m; sourceTree = "<group>"; };
		9AF025A41BF108C50009B3B7 /* AppDelegate.h */ = {isa = PBXFileReference; fileEncoding = 4; lastKnownFileType = sourcecode.c.h; path = AppDelegate.h; sourceTree = "<group>"; };
		9AF025A51BF108C50009B3B7 /* AppDelegate.m */ = {isa = PBXFileReference; fileEncoding = 4; lastKnownFileType = sourcecode.c.objc; path = AppDelegate.m; sourceTree = "<group>"; };
/* End PBXFileReference section */

/* Begin PBXFrameworksBuildPhase section */
		9A0B283A1BEFE4ED00C8B8F4 /* Frameworks */ = {
			isa = PBXFrameworksBuildPhase;
			buildActionMask = 2147483647;
			files = (
			);
			runOnlyForDeploymentPostprocessing = 0;
		};
/* End PBXFrameworksBuildPhase section */

/* Begin PBXGroup section */
		9A0B28341BEFE4ED00C8B8F4 = {
			isa = PBXGroup;
			children = (
				9A0B283F1BEFE4ED00C8B8F4 /* objC vs Swift */,
				9A0B283E1BEFE4ED00C8B8F4 /* Products */,
			);
			sourceTree = "<group>";
		};
		9A0B283E1BEFE4ED00C8B8F4 /* Products */ = {
			isa = PBXGroup;
			children = (
				9A0B283D1BEFE4ED00C8B8F4 /* objC vs Swift.app */,
			);
			name = Products;
			sourceTree = "<group>";
		};
		9A0B283F1BEFE4ED00C8B8F4 /* objC vs Swift */ = {
			isa = PBXGroup;
			children = (
				9A0B28401BEFE4ED00C8B8F4 /* AppDelegate.swift */,
				9A0B28421BEFE4ED00C8B8F4 /* ViewController.swift */,
				9AF025A41BF108C50009B3B7 /* AppDelegate.h */,
				9AF025A51BF108C50009B3B7 /* AppDelegate.m */,
				9A0B28521BEFE5B100C8B8F4 /* City.swift */,
				9A0B28551BEFE61000C8B8F4 /* LACity.h */,
				9A0B28561BEFE61000C8B8F4 /* LACity.m */,
				9A0B28441BEFE4ED00C8B8F4 /* Main.storyboard */,
				9A0B28471BEFE4ED00C8B8F4 /* Assets.xcassets */,
				9A0B28491BEFE4ED00C8B8F4 /* LaunchScreen.storyboard */,
				9A0B284C1BEFE4ED00C8B8F4 /* Info.plist */,
				9A0B28541BEFE60F00C8B8F4 /* objC vs Swift-Bridging-Header.h */,
			);
			path = "objC vs Swift";
			sourceTree = "<group>";
		};
/* End PBXGroup section */

/* Begin PBXNativeTarget section */
		9A0B283C1BEFE4ED00C8B8F4 /* objC vs Swift */ = {
			isa = PBXNativeTarget;
			buildConfigurationList = 9A0B284F1BEFE4ED00C8B8F4 /* Build configuration list for PBXNativeTarget "objC vs Swift" */;
			buildPhases = (
				9A0B28391BEFE4ED00C8B8F4 /* Sources */,
				9A0B283A1BEFE4ED00C8B8F4 /* Frameworks */,
				9A0B283B1BEFE4ED00C8B8F4 /* Resources */,
			);
			buildRules = (
			);
			dependencies = (
			);
			name = "objC vs Swift";
			productName = "objC vs Swift";
			productReference = 9A0B283D1BEFE4ED00C8B8F4 /* objC vs Swift.app */;
			productType = "com.apple.product-type.application";
		};
/* End PBXNativeTarget section */

/* Begin PBXProject section */
		9A0B28351BEFE4ED00C8B8F4 /* Project object */ = {
			isa = PBXProject;
			attributes = {
				LastSwiftUpdateCheck = 0710;
				LastUpgradeCheck = 0710;
				ORGANIZATIONNAME = "Alexander Larionov";
				TargetAttributes = {
					9A0B283C1BEFE4ED00C8B8F4 = {
						CreatedOnToolsVersion = 7.1;
						DevelopmentTeam = SWNADR3NEZ;
					};
				};
			};
			buildConfigurationList = 9A0B28381BEFE4ED00C8B8F4 /* Build configuration list for PBXProject "objC vs Swift" */;
			compatibilityVersion = "Xcode 3.2";
			developmentRegion = English;
			hasScannedForEncodings = 0;
			knownRegions = (
				en,
				Base,
			);
			mainGroup = 9A0B28341BEFE4ED00C8B8F4;
			productRefGroup = 9A0B283E1BEFE4ED00C8B8F4 /* Products */;
			projectDirPath = "";
			projectRoot = "";
			targets = (
				9A0B283C1BEFE4ED00C8B8F4 /* objC vs Swift */,
			);
		};
/* End PBXProject section */

/* Begin PBXResourcesBuildPhase section */
		9A0B283B1BEFE4ED00C8B8F4 /* Resources */ = {
			isa = PBXResourcesBuildPhase;
			buildActionMask = 2147483647;
			files = (
				9A0B284B1BEFE4ED00C8B8F4 /* LaunchScreen.storyboard in Resources */,
				9A0B28481BEFE4ED00C8B8F4 /* Assets.xcassets in Resources */,
				9A0B28461BEFE4ED00C8B8F4 /* Main.storyboard in Resources */,
			);
			runOnlyForDeploymentPostprocessing = 0;
		};
/* End PBXResourcesBuildPhase section */

/* Begin PBXSourcesBuildPhase section */
		9A0B28391BEFE4ED00C8B8F4 /* Sources */ = {
			isa = PBXSourcesBuildPhase;
			buildActionMask = 2147483647;
			files = (
				9A0B28431BEFE4ED00C8B8F4 /* ViewController.swift in Sources */,
				9A0B28571BEFE61000C8B8F4 /* LACity.m in Sources */,
				9A0B28411BEFE4ED00C8B8F4 /* AppDelegate.swift in Sources */,
				9A0B28531BEFE5B100C8B8F4 /* City.swift in Sources */,
				9AF025A61BF108C50009B3B7 /* AppDelegate.m in Sources */,
			);
			runOnlyForDeploymentPostprocessing = 0;
		};
/* End PBXSourcesBuildPhase section */

/* Begin PBXVariantGroup section */
		9A0B28441BEFE4ED00C8B8F4 /* Main.storyboard */ = {
			isa = PBXVariantGroup;
			children = (
				9A0B28451BEFE4ED00C8B8F4 /* Base */,
			);
			name = Main.storyboard;
			sourceTree = "<group>";
		};
		9A0B28491BEFE4ED00C8B8F4 /* LaunchScreen.storyboard */ = {
			isa = PBXVariantGroup;
			children = (
				9A0B284A1BEFE4ED00C8B8F4 /* Base */,
			);
			name = LaunchScreen.storyboard;
			sourceTree = "<group>";
		};
/* End PBXVariantGroup section */

/* Begin XCBuildConfiguration section */
		9A0B284D1BEFE4ED00C8B8F4 /* Debug */ = {
			isa = XCBuildConfiguration;
			buildSettings = {
				ALWAYS_SEARCH_USER_PATHS = NO;
				CLANG_CXX_LANGUAGE_STANDARD = "gnu++0x";
				CLANG_CXX_LIBRARY = "libc++";
				CLANG_ENABLE_MODULES = YES;
				CLANG_ENABLE_OBJC_ARC = YES;
				CLANG_WARN_BOOL_CONVERSION = YES;
				CLANG_WARN_CONSTANT_CONVERSION = YES;
				CLANG_WARN_DIRECT_OBJC_ISA_USAGE = YES_ERROR;
				CLANG_WARN_EMPTY_BODY = YES;
				CLANG_WARN_ENUM_CONVERSION = YES;
				CLANG_WARN_INT_CONVERSION = YES;
				CLANG_WARN_OBJC_ROOT_CLASS = YES_ERROR;
				CLANG_WARN_UNREACHABLE_CODE = YES;
				CLANG_WARN__DUPLICATE_METHOD_MATCH = YES;
				"CODE_SIGN_IDENTITY[sdk=iphoneos*]" = "iPhone Developer";
				COPY_PHASE_STRIP = NO;
				DEBUG_INFORMATION_FORMAT = dwarf;
				ENABLE_STRICT_OBJC_MSGSEND = YES;
				ENABLE_TESTABILITY = YES;
				GCC_C_LANGUAGE_STANDARD = gnu99;
				GCC_DYNAMIC_NO_PIC = NO;
				GCC_NO_COMMON_BLOCKS = YES;
				GCC_OPTIMIZATION_LEVEL = 0;
				GCC_PREPROCESSOR_DEFINITIONS = (
					"DEBUG=1",
					"$(inherited)",
				);
				GCC_WARN_64_TO_32_BIT_CONVERSION = YES;
				GCC_WARN_ABOUT_RETURN_TYPE = YES_ERROR;
				GCC_WARN_UNDECLARED_SELECTOR = YES;
				GCC_WARN_UNINITIALIZED_AUTOS = YES_AGGRESSIVE;
				GCC_WARN_UNUSED_FUNCTION = YES;
				GCC_WARN_UNUSED_VARIABLE = YES;
				IPHONEOS_DEPLOYMENT_TARGET = 9.1;
				MTL_ENABLE_DEBUG_INFO = YES;
				ONLY_ACTIVE_ARCH = YES;
				SDKROOT = iphoneos;
				SWIFT_OPTIMIZATION_LEVEL = "-Onone";
				TARGETED_DEVICE_FAMILY = "1,2";
			};
			name = Debug;
		};
		9A0B284E1BEFE4ED00C8B8F4 /* Release */ = {
			isa = XCBuildConfiguration;
			buildSettings = {
				ALWAYS_SEARCH_USER_PATHS = NO;
				CLANG_CXX_LANGUAGE_STANDARD = "gnu++0x";
				CLANG_CXX_LIBRARY = "libc++";
				CLANG_ENABLE_MODULES = YES;
				CLANG_ENABLE_OBJC_ARC = YES;
				CLANG_WARN_BOOL_CONVERSION = YES;
				CLANG_WARN_CONSTANT_CONVERSION = YES;
				CLANG_WARN_DIRECT_OBJC_ISA_USAGE = YES_ERROR;
				CLANG_WARN_EMPTY_BODY = YES;
				CLANG_WARN_ENUM_CONVERSION = YES;
				CLANG_WARN_INT_CONVERSION = YES;
				CLANG_WARN_OBJC_ROOT_CLASS = YES_ERROR;
				CLANG_WARN_UNREACHABLE_CODE = YES;
				CLANG_WARN__DUPLICATE_METHOD_MATCH = YES;
				"CODE_SIGN_IDENTITY[sdk=iphoneos*]" = "iPhone Developer";
				COPY_PHASE_STRIP = NO;
				DEBUG_INFORMATION_FORMAT = "dwarf-with-dsym";
				ENABLE_NS_ASSERTIONS = NO;
				ENABLE_STRICT_OBJC_MSGSEND = YES;
				GCC_C_LANGUAGE_STANDARD = gnu99;
				GCC_NO_COMMON_BLOCKS = YES;
				GCC_WARN_64_TO_32_BIT_CONVERSION = YES;
				GCC_WARN_ABOUT_RETURN_TYPE = YES_ERROR;
				GCC_WARN_UNDECLARED_SELECTOR = YES;
				GCC_WARN_UNINITIALIZED_AUTOS = YES_AGGRESSIVE;
				GCC_WARN_UNUSED_FUNCTION = YES;
				GCC_WARN_UNUSED_VARIABLE = YES;
				IPHONEOS_DEPLOYMENT_TARGET = 9.1;
				MTL_ENABLE_DEBUG_INFO = NO;
				SDKROOT = iphoneos;
				TARGETED_DEVICE_FAMILY = "1,2";
				VALIDATE_PRODUCT = YES;
			};
			name = Release;
		};
		9A0B28501BEFE4ED00C8B8F4 /* Debug */ = {
			isa = XCBuildConfiguration;
			buildSettings = {
				ASSETCATALOG_COMPILER_APPICON_NAME = AppIcon;
				CLANG_ENABLE_MODULES = YES;
				INFOPLIST_FILE = "objC vs Swift/Info.plist";
				LD_RUNPATH_SEARCH_PATHS = "$(inherited) @executable_path/Frameworks";
				PRODUCT_BUNDLE_IDENTIFIER = "larionov.objC-vs-Swift";
				PRODUCT_NAME = "$(TARGET_NAME)";
				SWIFT_OBJC_BRIDGING_HEADER = "objC vs Swift/objC vs Swift-Bridging-Header.h";
				SWIFT_OPTIMIZATION_LEVEL = "-Onone";
			};
			name = Debug;
		};
		9A0B28511BEFE4ED00C8B8F4 /* Release */ = {
			isa = XCBuildConfiguration;
			buildSettings = {
				ASSETCATALOG_COMPILER_APPICON_NAME = AppIcon;
				CLANG_ENABLE_MODULES = YES;
				INFOPLIST_FILE = "objC vs Swift/Info.plist";
				LD_RUNPATH_SEARCH_PATHS = "$(inherited) @executable_path/Frameworks";
				PRODUCT_BUNDLE_IDENTIFIER = "larionov.objC-vs-Swift";
				PRODUCT_NAME = "$(TARGET_NAME)";
				SWIFT_OBJC_BRIDGING_HEADER = "objC vs Swift/objC vs Swift-Bridging-Header.h";
			};
			name = Release;
		};
/* End XCBuildConfiguration section */

/* Begin XCConfigurationList section */
		9A0B28381BEFE4ED00C8B8F4 /* Build configuration list for PBXProject "objC vs Swift" */ = {
			isa = XCConfigurationList;
			buildConfigurations = (
				9A0B284D1BEFE4ED00C8B8F4 /* Debug */,
				9A0B284E1BEFE4ED00C8B8F4 /* Release */,
			);
			defaultConfigurationIsVisible = 0;
			defaultConfigurationName = Release;
		};
		9A0B284F1BEFE4ED00C8B8F4 /* Build configuration list for PBXNativeTarget "objC vs Swift" */ = {
			isa = XCConfigurationList;
			buildConfigurations = (
				9A0B28501BEFE4ED00C8B8F4 /* Debug */,
				9A0B28511BEFE4ED00C8B8F4 /* Release */,
			);
			defaultConfigurationIsVisible = 0;
			defaultConfigurationName = Release;
		};
/* End XCConfigurationList section */
	};
	rootObject = 9A0B28351BEFE4ED00C8B8F4 /* Project object */;
}
